// !$*UTF8*$!
{
	archiveVersion = 1;
	classes = {
	};
	objectVersion = 50;
	objects = {

/* Begin PBXBuildFile section */
		B7818F125A6F07E3D04A2C8F /* Pods_Todoey.framework in Frameworks */ = {isa = PBXBuildFile; fileRef = B5E833263EEBBE8D965984D0 /* Pods_Todoey.framework */; };
		BD2220A8209F63DE00A07C03 /* DataModel.xcdatamodeld in Sources */ = {isa = PBXBuildFile; fileRef = BD2220A6209F63DE00A07C03 /* DataModel.xcdatamodeld */; };
		BD2220AA20A522A800A07C03 /* CategoryViewController.swift in Sources */ = {isa = PBXBuildFile; fileRef = BD2220A920A522A800A07C03 /* CategoryViewController.swift */; };
		BDF8A9E92093FE5B00E41C65 /* AppDelegate.swift in Sources */ = {isa = PBXBuildFile; fileRef = BDF8A9E82093FE5B00E41C65 /* AppDelegate.swift */; };
		BDF8A9EB2093FE5B00E41C65 /* ToDoListViewController.swift in Sources */ = {isa = PBXBuildFile; fileRef = BDF8A9EA2093FE5B00E41C65 /* ToDoListViewController.swift */; };
		BDF8A9EE2093FE5B00E41C65 /* Main.storyboard in Resources */ = {isa = PBXBuildFile; fileRef = BDF8A9EC2093FE5B00E41C65 /* Main.storyboard */; };
		BDF8A9F02093FE6000E41C65 /* Assets.xcassets in Resources */ = {isa = PBXBuildFile; fileRef = BDF8A9EF2093FE6000E41C65 /* Assets.xcassets */; };
		BDF8A9F32093FE6000E41C65 /* LaunchScreen.storyboard in Resources */ = {isa = PBXBuildFile; fileRef = BDF8A9F12093FE6000E41C65 /* LaunchScreen.storyboard */; };
/* End PBXBuildFile section */

/* Begin PBXFileReference section */
		48158B0FC7D4BD70D494DD6E /* Pods-Todoey.debug.xcconfig */ = {isa = PBXFileReference; includeInIndex = 1; lastKnownFileType = text.xcconfig; name = "Pods-Todoey.debug.xcconfig"; path = "Pods/Target Support Files/Pods-Todoey/Pods-Todoey.debug.xcconfig"; sourceTree = "<group>"; };
		B5E833263EEBBE8D965984D0 /* Pods_Todoey.framework */ = {isa = PBXFileReference; explicitFileType = wrapper.framework; includeInIndex = 0; path = Pods_Todoey.framework; sourceTree = BUILT_PRODUCTS_DIR; };
		BD2220A7209F63DE00A07C03 /* DataModel.xcdatamodel */ = {isa = PBXFileReference; lastKnownFileType = wrapper.xcdatamodel; path = DataModel.xcdatamodel; sourceTree = "<group>"; };
		BD2220A920A522A800A07C03 /* CategoryViewController.swift */ = {isa = PBXFileReference; lastKnownFileType = sourcecode.swift; path = CategoryViewController.swift; sourceTree = "<group>"; };
		BDF8A9E52093FE5B00E41C65 /* Todoey.app */ = {isa = PBXFileReference; explicitFileType = wrapper.application; includeInIndex = 0; path = Todoey.app; sourceTree = BUILT_PRODUCTS_DIR; };
		BDF8A9E82093FE5B00E41C65 /* AppDelegate.swift */ = {isa = PBXFileReference; lastKnownFileType = sourcecode.swift; path = AppDelegate.swift; sourceTree = "<group>"; };
		BDF8A9EA2093FE5B00E41C65 /* ToDoListViewController.swift */ = {isa = PBXFileReference; lastKnownFileType = sourcecode.swift; path = ToDoListViewController.swift; sourceTree = "<group>"; };
		BDF8A9ED2093FE5B00E41C65 /* Base */ = {isa = PBXFileReference; lastKnownFileType = file.storyboard; name = Base; path = Base.lproj/Main.storyboard; sourceTree = "<group>"; };
		BDF8A9EF2093FE6000E41C65 /* Assets.xcassets */ = {isa = PBXFileReference; lastKnownFileType = folder.assetcatalog; path = Assets.xcassets; sourceTree = "<group>"; };
		BDF8A9F22093FE6000E41C65 /* Base */ = {isa = PBXFileReference; lastKnownFileType = file.storyboard; name = Base; path = Base.lproj/LaunchScreen.storyboard; sourceTree = "<group>"; };
		BDF8A9F42093FE6000E41C65 /* Info.plist */ = {isa = PBXFileReference; lastKnownFileType = text.plist.xml; path = Info.plist; sourceTree = "<group>"; };
		C787F5FCBCB6766C57072A97 /* Pods-Todoey.release.xcconfig */ = {isa = PBXFileReference; includeInIndex = 1; lastKnownFileType = text.xcconfig; name = "Pods-Todoey.release.xcconfig"; path = "Pods/Target Support Files/Pods-Todoey/Pods-Todoey.release.xcconfig"; sourceTree = "<group>"; };
/* End PBXFileReference section */

/* Begin PBXFrameworksBuildPhase section */
		BDF8A9E22093FE5B00E41C65 /* Frameworks */ = {
			isa = PBXFrameworksBuildPhase;
			buildActionMask = 2147483647;
			files = (
				B7818F125A6F07E3D04A2C8F /* Pods_Todoey.framework in Frameworks */,
			);
			runOnlyForDeploymentPostprocessing = 0;
		};
/* End PBXFrameworksBuildPhase section */

/* Begin PBXGroup section */
		B30B58ACE1512A297F5041AE /* Pods */ = {
			isa = PBXGroup;
			children = (
				48158B0FC7D4BD70D494DD6E /* Pods-Todoey.debug.xcconfig */,
				C787F5FCBCB6766C57072A97 /* Pods-Todoey.release.xcconfig */,
			);
			name = Pods;
			sourceTree = "<group>";
		};
		BDA9D12B209E809B00D26AFE /* Data Model */ = {
			isa = PBXGroup;
			children = (
				BD2220A6209F63DE00A07C03 /* DataModel.xcdatamodeld */,
			);
			path = "Data Model";
			sourceTree = "<group>";
		};
		BDA9D12C209E80C900D26AFE /* Controllers */ = {
			isa = PBXGroup;
			children = (
				BD2220A920A522A800A07C03 /* CategoryViewController.swift */,
				BDF8A9EA2093FE5B00E41C65 /* ToDoListViewController.swift */,
			);
			path = Controllers;
			sourceTree = "<group>";
		};
		BDA9D12D209E80D000D26AFE /* Views */ = {
			isa = PBXGroup;
			children = (
				BDF8A9EC2093FE5B00E41C65 /* Main.storyboard */,
			);
			path = Views;
			sourceTree = "<group>";
		};
		BDA9D12E209E80F500D26AFE /* Supporting Files */ = {
			isa = PBXGroup;
			children = (
				BDF8A9EF2093FE6000E41C65 /* Assets.xcassets */,
				BDF8A9F12093FE6000E41C65 /* LaunchScreen.storyboard */,
			);
			path = "Supporting Files";
			sourceTree = "<group>";
		};
		BDF8A9DC2093FE5B00E41C65 = {
			isa = PBXGroup;
			children = (
				BDF8A9E72093FE5B00E41C65 /* Todoey */,
				BDF8A9E62093FE5B00E41C65 /* Products */,
				B30B58ACE1512A297F5041AE /* Pods */,
				DC68759E26B79F11A59A2385 /* Frameworks */,
			);
			sourceTree = "<group>";
		};
		BDF8A9E62093FE5B00E41C65 /* Products */ = {
			isa = PBXGroup;
			children = (
				BDF8A9E52093FE5B00E41C65 /* Todoey.app */,
			);
			name = Products;
			sourceTree = "<group>";
		};
		BDF8A9E72093FE5B00E41C65 /* Todoey */ = {
			isa = PBXGroup;
			children = (
				BDF8A9E82093FE5B00E41C65 /* AppDelegate.swift */,
				BDA9D12C209E80C900D26AFE /* Controllers */,
				BDA9D12B209E809B00D26AFE /* Data Model */,
				BDA9D12D209E80D000D26AFE /* Views */,
				BDA9D12E209E80F500D26AFE /* Supporting Files */,
				BDF8A9F42093FE6000E41C65 /* Info.plist */,
			);
			path = Todoey;
			sourceTree = "<group>";
		};
		DC68759E26B79F11A59A2385 /* Frameworks */ = {
			isa = PBXGroup;
			children = (
				B5E833263EEBBE8D965984D0 /* Pods_Todoey.framework */,
			);
			name = Frameworks;
			sourceTree = "<group>";
		};
/* End PBXGroup section */

/* Begin PBXNativeTarget section */
		BDF8A9E42093FE5B00E41C65 /* Todoey */ = {
			isa = PBXNativeTarget;
			buildConfigurationList = BDF8A9F72093FE6000E41C65 /* Build configuration list for PBXNativeTarget "Todoey" */;
			buildPhases = (
				05A4B087CB0D58997F0375C3 /* [CP] Check Pods Manifest.lock */,
				BDF8A9E12093FE5B00E41C65 /* Sources */,
				BDF8A9E22093FE5B00E41C65 /* Frameworks */,
				BDF8A9E32093FE5B00E41C65 /* Resources */,
				B75A4A3D0DBE89F9163253AF /* [CP] Embed Pods Frameworks */,
			);
			buildRules = (
			);
			dependencies = (
			);
			name = Todoey;
			productName = Todoey;
			productReference = BDF8A9E52093FE5B00E41C65 /* Todoey.app */;
			productType = "com.apple.product-type.application";
		};
/* End PBXNativeTarget section */

/* Begin PBXProject section */
		BDF8A9DD2093FE5B00E41C65 /* Project object */ = {
			isa = PBXProject;
			attributes = {
				LastSwiftUpdateCheck = 0930;
				LastUpgradeCheck = 0930;
				ORGANIZATIONNAME = "viswa kodela";
				TargetAttributes = {
					BDF8A9E42093FE5B00E41C65 = {
						CreatedOnToolsVersion = 9.3;
					};
				};
			};
			buildConfigurationList = BDF8A9E02093FE5B00E41C65 /* Build configuration list for PBXProject "Todoey" */;
			compatibilityVersion = "Xcode 9.3";
			developmentRegion = en;
			hasScannedForEncodings = 0;
			knownRegions = (
				en,
				Base,
			);
			mainGroup = BDF8A9DC2093FE5B00E41C65;
			productRefGroup = BDF8A9E62093FE5B00E41C65 /* Products */;
			projectDirPath = "";
			projectRoot = "";
			targets = (
				BDF8A9E42093FE5B00E41C65 /* Todoey */,
			);
		};
/* End PBXProject section */

/* Begin PBXResourcesBuildPhase section */
		BDF8A9E32093FE5B00E41C65 /* Resources */ = {
			isa = PBXResourcesBuildPhase;
			buildActionMask = 2147483647;
			files = (
				BDF8A9F32093FE6000E41C65 /* LaunchScreen.storyboard in Resources */,
				BDF8A9F02093FE6000E41C65 /* Assets.xcassets in Resources */,
				BDF8A9EE2093FE5B00E41C65 /* Main.storyboard in Resources */,
			);
			runOnlyForDeploymentPostprocessing = 0;
		};
/* End PBXResourcesBuildPhase section */

/* Begin PBXShellScriptBuildPhase section */
		05A4B087CB0D58997F0375C3 /* [CP] Check Pods Manifest.lock */ = {
			isa = PBXShellScriptBuildPhase;
			buildActionMask = 2147483647;
			files = (
			);
			inputPaths = (
				"${PODS_PODFILE_DIR_PATH}/Podfile.lock",
				"${PODS_ROOT}/Manifest.lock",
			);
			name = "[CP] Check Pods Manifest.lock";
			outputPaths = (
				"$(DERIVED_FILE_DIR)/Pods-Todoey-checkManifestLockResult.txt",
			);
			runOnlyForDeploymentPostprocessing = 0;
			shellPath = /bin/sh;
			shellScript = "diff \"${PODS_PODFILE_DIR_PATH}/Podfile.lock\" \"${PODS_ROOT}/Manifest.lock\" > /dev/null\nif [ $? != 0 ] ; then\n    # print error to STDERR\n    echo \"error: The sandbox is not in sync with the Podfile.lock. Run 'pod install' or update your CocoaPods installation.\" >&2\n    exit 1\nfi\n# This output is used by Xcode 'outputs' to avoid re-running this script phase.\necho \"SUCCESS\" > \"${SCRIPT_OUTPUT_FILE_0}\"\n";
			showEnvVarsInLog = 0;
		};
		B75A4A3D0DBE89F9163253AF /* [CP] Embed Pods Frameworks */ = {
			isa = PBXShellScriptBuildPhase;
			buildActionMask = 2147483647;
			files = (
			);
			inputPaths = (
				"${SRCROOT}/Pods/Target Support Files/Pods-Todoey/Pods-Todoey-frameworks.sh",
				"${BUILT_PRODUCTS_DIR}/Realm/Realm.framework",
				"${BUILT_PRODUCTS_DIR}/RealmSwift/RealmSwift.framework",
			);
			name = "[CP] Embed Pods Frameworks";
			outputPaths = (
				"${TARGET_BUILD_DIR}/${FRAMEWORKS_FOLDER_PATH}/Realm.framework",
				"${TARGET_BUILD_DIR}/${FRAMEWORKS_FOLDER_PATH}/RealmSwift.framework",
			);
			runOnlyForDeploymentPostprocessing = 0;
			shellPath = /bin/sh;
			shellScript = "\"${SRCROOT}/Pods/Target Support Files/Pods-Todoey/Pods-Todoey-frameworks.sh\"\n";
			showEnvVarsInLog = 0;
		};
/* End PBXShellScriptBuildPhase section */

/* Begin PBXSourcesBuildPhase section */
		BDF8A9E12093FE5B00E41C65 /* Sources */ = {
			isa = PBXSourcesBuildPhase;
			buildActionMask = 2147483647;
			files = (
				BD2220AA20A522A800A07C03 /* CategoryViewController.swift in Sources */,
				BDF8A9EB2093FE5B00E41C65 /* ToDoListViewController.swift in Sources */,
				BD2220A8209F63DE00A07C03 /* DataModel.xcdatamodeld in Sources */,
				BDF8A9E92093FE5B00E41C65 /* AppDelegate.swift in Sources */,
			);
			runOnlyForDeploymentPostprocessing = 0;
		};
/* End PBXSourcesBuildPhase section */

/* Begin PBXVariantGroup section */
		BDF8A9EC2093FE5B00E41C65 /* Main.storyboard */ = {
			isa = PBXVariantGroup;
			children = (
				BDF8A9ED2093FE5B00E41C65 /* Base */,
			);
			name = Main.storyboard;
			sourceTree = "<group>";
		};
		BDF8A9F12093FE6000E41C65 /* LaunchScreen.storyboard */ = {
			isa = PBXVariantGroup;
			children = (
				BDF8A9F22093FE6000E41C65 /* Base */,
			);
			name = LaunchScreen.storyboard;
			sourceTree = "<group>";
		};
/* End PBXVariantGroup section */

/* Begin XCBuildConfiguration section */
		BDF8A9F52093FE6000E41C65 /* Debug */ = {
			isa = XCBuildConfiguration;
			buildSettings = {
				ALWAYS_SEARCH_USER_PATHS = NO;
				CLANG_ANALYZER_NONNULL = YES;
				CLANG_ANALYZER_NUMBER_OBJECT_CONVERSION = YES_AGGRESSIVE;
				CLANG_CXX_LANGUAGE_STANDARD = "gnu++14";
				CLANG_CXX_LIBRARY = "libc++";
				CLANG_ENABLE_MODULES = YES;
				CLANG_ENABLE_OBJC_ARC = YES;
				CLANG_ENABLE_OBJC_WEAK = YES;
				CLANG_WARN_BLOCK_CAPTURE_AUTORELEASING = YES;
				CLANG_WARN_BOOL_CONVERSION = YES;
				CLANG_WARN_COMMA = YES;
				CLANG_WARN_CONSTANT_CONVERSION = YES;
				CLANG_WARN_DEPRECATED_OBJC_IMPLEMENTATIONS = YES;
				CLANG_WARN_DIRECT_OBJC_ISA_USAGE = YES_ERROR;
				CLANG_WARN_DOCUMENTATION_COMMENTS = YES;
				CLANG_WARN_EMPTY_BODY = YES;
				CLANG_WARN_ENUM_CONVERSION = YES;
				CLANG_WARN_INFINITE_RECURSION = YES;
				CLANG_WARN_INT_CONVERSION = YES;
				CLANG_WARN_NON_LITERAL_NULL_CONVERSION = YES;
				CLANG_WARN_OBJC_IMPLICIT_RETAIN_SELF = YES;
				CLANG_WARN_OBJC_LITERAL_CONVERSION = YES;
				CLANG_WARN_OBJC_ROOT_CLASS = YES_ERROR;
				CLANG_WARN_RANGE_LOOP_ANALYSIS = YES;
				CLANG_WARN_STRICT_PROTOTYPES = YES;
				CLANG_WARN_SUSPICIOUS_MOVE = YES;
				CLANG_WARN_UNGUARDED_AVAILABILITY = YES_AGGRESSIVE;
				CLANG_WARN_UNREACHABLE_CODE = YES;
				CLANG_WARN__DUPLICATE_METHOD_MATCH = YES;
				CODE_SIGN_IDENTITY = "iPhone Developer";
				COPY_PHASE_STRIP = NO;
				DEBUG_INFORMATION_FORMAT = dwarf;
				ENABLE_STRICT_OBJC_MSGSEND = YES;
				ENABLE_TESTABILITY = YES;
				GCC_C_LANGUAGE_STANDARD = gnu11;
				GCC_DYNAMIC_NO_PIC = NO;
				GCC_NO_COMMON_BLOCKS = YES;
				GCC_OPTIMIZATION_LEVEL = 0;
				GCC_PREPROCESSOR_DEFINITIONS = (
					"DEBUG=1",
					"$(inherited)",
				);
				GCC_WARN_64_TO_32_BIT_CONVERSION = YES;
				GCC_WARN_ABOUT_RETURN_TYPE = YES_ERROR;
				GCC_WARN_UNDECLARED_SELECTOR = YES;
				GCC_WARN_UNINITIALIZED_AUTOS = YES_AGGRESSIVE;
				GCC_WARN_UNUSED_FUNCTION = YES;
				GCC_WARN_UNUSED_VARIABLE = YES;
				IPHONEOS_DEPLOYMENT_TARGET = 11.3;
				MTL_ENABLE_DEBUG_INFO = YES;
				ONLY_ACTIVE_ARCH = YES;
				SDKROOT = iphoneos;
				SWIFT_ACTIVE_COMPILATION_CONDITIONS = DEBUG;
				SWIFT_OPTIMIZATION_LEVEL = "-Onone";
			};
			name = Debug;
		};
		BDF8A9F62093FE6000E41C65 /* Release */ = {
			isa = XCBuildConfiguration;
			buildSettings = {
				ALWAYS_SEARCH_USER_PATHS = NO;
				CLANG_ANALYZER_NONNULL = YES;
				CLANG_ANALYZER_NUMBER_OBJECT_CONVERSION = YES_AGGRESSIVE;
				CLANG_CXX_LANGUAGE_STANDARD = "gnu++14";
				CLANG_CXX_LIBRARY = "libc++";
				CLANG_ENABLE_MODULES = YES;
				CLANG_ENABLE_OBJC_ARC = YES;
				CLANG_ENABLE_OBJC_WEAK = YES;
				CLANG_WARN_BLOCK_CAPTURE_AUTORELEASING = YES;
				CLANG_WARN_BOOL_CONVERSION = YES;
				CLANG_WARN_COMMA = YES;
				CLANG_WARN_CONSTANT_CONVERSION = YES;
				CLANG_WARN_DEPRECATED_OBJC_IMPLEMENTATIONS = YES;
				CLANG_WARN_DIRECT_OBJC_ISA_USAGE = YES_ERROR;
				CLANG_WARN_DOCUMENTATION_COMMENTS = YES;
				CLANG_WARN_EMPTY_BODY = YES;
				CLANG_WARN_ENUM_CONVERSION = YES;
				CLANG_WARN_INFINITE_RECURSION = YES;
				CLANG_WARN_INT_CONVERSION = YES;
				CLANG_WARN_NON_LITERAL_NULL_CONVERSION = YES;
				CLANG_WARN_OBJC_IMPLICIT_RETAIN_SELF = YES;
				CLANG_WARN_OBJC_LITERAL_CONVERSION = YES;
				CLANG_WARN_OBJC_ROOT_CLASS = YES_ERROR;
				CLANG_WARN_RANGE_LOOP_ANALYSIS = YES;
				CLANG_WARN_STRICT_PROTOTYPES = YES;
				CLANG_WARN_SUSPICIOUS_MOVE = YES;
				CLANG_WARN_UNGUARDED_AVAILABILITY = YES_AGGRESSIVE;
				CLANG_WARN_UNREACHABLE_CODE = YES;
				CLANG_WARN__DUPLICATE_METHOD_MATCH = YES;
				CODE_SIGN_IDENTITY = "iPhone Developer";
				COPY_PHASE_STRIP = NO;
				DEBUG_INFORMATION_FORMAT = "dwarf-with-dsym";
				ENABLE_NS_ASSERTIONS = NO;
				ENABLE_STRICT_OBJC_MSGSEND = YES;
				GCC_C_LANGUAGE_STANDARD = gnu11;
				GCC_NO_COMMON_BLOCKS = YES;
				GCC_WARN_64_TO_32_BIT_CONVERSION = YES;
				GCC_WARN_ABOUT_RETURN_TYPE = YES_ERROR;
				GCC_WARN_UNDECLARED_SELECTOR = YES;
				GCC_WARN_UNINITIALIZED_AUTOS = YES_AGGRESSIVE;
				GCC_WARN_UNUSED_FUNCTION = YES;
				GCC_WARN_UNUSED_VARIABLE = YES;
				IPHONEOS_DEPLOYMENT_TARGET = 11.3;
				MTL_ENABLE_DEBUG_INFO = NO;
				SDKROOT = iphoneos;
				SWIFT_COMPILATION_MODE = wholemodule;
				SWIFT_OPTIMIZATION_LEVEL = "-O";
				VALIDATE_PRODUCT = YES;
			};
			name = Release;
		};
		BDF8A9F82093FE6000E41C65 /* Debug */ = {
			isa = XCBuildConfiguration;
			baseConfigurationReference = 48158B0FC7D4BD70D494DD6E /* Pods-Todoey.debug.xcconfig */;
			buildSettings = {
				ASSETCATALOG_COMPILER_APPICON_NAME = AppIcon;
				CODE_SIGN_STYLE = Automatic;
				DEVELOPMENT_TEAM = SFNG7GVEK8;
				INFOPLIST_FILE = Todoey/Info.plist;
				LD_RUNPATH_SEARCH_PATHS = (
					"$(inherited)",
					"@executable_path/Frameworks",
				);
				PRODUCT_BUNDLE_IDENTIFIER = com.viswakodela.Todoey;
				PRODUCT_NAME = "$(TARGET_NAME)";
				SWIFT_VERSION = 4.0;
				TARGETED_DEVICE_FAMILY = "1,2";
			};
			name = Debug;
		};
		BDF8A9F92093FE6000E41C65 /* Release */ = {
			isa = XCBuildConfiguration;
			baseConfigurationReference = C787F5FCBCB6766C57072A97 /* Pods-Todoey.release.xcconfig */;
			buildSettings = {
				ASSETCATALOG_COMPILER_APPICON_NAME = AppIcon;
				CODE_SIGN_STYLE = Automatic;
				DEVELOPMENT_TEAM = SFNG7GVEK8;
				INFOPLIST_FILE = Todoey/Info.plist;
				LD_RUNPATH_SEARCH_PATHS = (
					"$(inherited)",
					"@executable_path/Frameworks",
				);
				PRODUCT_BUNDLE_IDENTIFIER = com.viswakodela.Todoey;
				PRODUCT_NAME = "$(TARGET_NAME)";
				SWIFT_VERSION = 4.0;
				TARGETED_DEVICE_FAMILY = "1,2";
			};
			name = Release;
		};
/* End XCBuildConfiguration section */

/* Begin XCConfigurationList section */
		BDF8A9E02093FE5B00E41C65 /* Build configuration list for PBXProject "Todoey" */ = {
			isa = XCConfigurationList;
			buildConfigurations = (
				BDF8A9F52093FE6000E41C65 /* Debug */,
				BDF8A9F62093FE6000E41C65 /* Release */,
			);
			defaultConfigurationIsVisible = 0;
			defaultConfigurationName = Release;
		};
		BDF8A9F72093FE6000E41C65 /* Build configuration list for PBXNativeTarget "Todoey" */ = {
			isa = XCConfigurationList;
			buildConfigurations = (
				BDF8A9F82093FE6000E41C65 /* Debug */,
				BDF8A9F92093FE6000E41C65 /* Release */,
			);
			defaultConfigurationIsVisible = 0;
			defaultConfigurationName = Release;
		};
/* End XCConfigurationList section */

/* Begin XCVersionGroup section */
		BD2220A6209F63DE00A07C03 /* DataModel.xcdatamodeld */ = {
			isa = XCVersionGroup;
			children = (
				BD2220A7209F63DE00A07C03 /* DataModel.xcdatamodel */,
			);
			currentVersion = BD2220A7209F63DE00A07C03 /* DataModel.xcdatamodel */;
			path = DataModel.xcdatamodeld;
			sourceTree = "<group>";
			versionGroupType = wrapper.xcdatamodel;
		};
/* End XCVersionGroup section */
	};
	rootObject = BDF8A9DD2093FE5B00E41C65 /* Project object */;
}
